
Microsoft Visual Studio Solution File, Format Version 12.00
# Visual Studio Version 17
VisualStudioVersion = 17.7.34009.444
MinimumVisualStudioVersion = 10.0.40219.1
Project("{FAE04EC0-301F-11D3-BF4B-00C04F79EFBC}") = "HololiveTheme", "HololiveTheme\HololiveTheme.csproj", "{89F5A47F-7326-4BC1-924D-E6E60EE1F61D}"
EndProject
Global
	GlobalSection(SolutionConfigurationPlatforms) = preSolution
		Debug|Any CPU = Debug|Any CPU
		Debug|arm64 = Debug|arm64
		Debug|x86 = Debug|x86
		Release|Any CPU = Release|Any CPU
		Release|arm64 = Release|arm64
		Release|x86 = Release|x86
	EndGlobalSection
	GlobalSection(ProjectConfigurationPlatforms) = postSolution
		{89F5A47F-7326-4BC1-924D-E6E60EE1F61D}.Debug|Any CPU.ActiveCfg = Debug|Any CPU
		{89F5A47F-7326-4BC1-924D-E6E60EE1F61D}.Debug|Any CPU.Build.0 = Debug|Any CPU
		{89F5A47F-7326-4BC1-924D-E6E60EE1F61D}.Debug|arm64.ActiveCfg = Debug|arm64
		{89F5A47F-7326-4BC1-924D-E6E60EE1F61D}.Debug|arm64.Build.0 = Debug|arm64
		{89F5A47F-7326-4BC1-924D-E6E60EE1F61D}.Debug|x86.ActiveCfg = Debug|x86
		{89F5A47F-7326-4BC1-924D-E6E60EE1F61D}.Debug|x86.Build.0 = Debug|x86
		{89F5A47F-7326-4BC1-924D-E6E60EE1F61D}.Release|Any CPU.ActiveCfg = Release|Any CPU
		{89F5A47F-7326-4BC1-924D-E6E60EE1F61D}.Release|Any CPU.Build.0 = Release|Any CPU
		{89F5A47F-7326-4BC1-924D-E6E60EE1F61D}.Release|arm64.ActiveCfg = Release|arm64
		{89F5A47F-7326-4BC1-924D-E6E60EE1F61D}.Release|arm64.Build.0 = Release|arm64
		{89F5A47F-7326-4BC1-924D-E6E60EE1F61D}.Release|x86.ActiveCfg = Release|x86
		{89F5A47F-7326-4BC1-924D-E6E60EE1F61D}.Release|x86.Build.0 = Release|x86
	EndGlobalSection
	GlobalSection(SolutionProperties) = preSolution
		HideSolutionNode = FALSE
	EndGlobalSection
	GlobalSection(ExtensibilityGlobals) = postSolution
		SolutionGuid = {7667221E-35D9-4730-B6DF-23F5A1F5B53F}
	EndGlobalSection
EndGlobal
